<?xml version="1.0" encoding="utf-8"?>
<Project ToolsVersion="4.0" xmlns="http://schemas.microsoft.com/developer/msbuild/2003">
  <ItemGroup>
    <Filter Include="CoverTail">
      <UniqueIdentifier>{CE17694E-3A82-1DC5-83C0-CE6AEF69FB19}</UniqueIdentifier>
    </Filter>
    <Filter Include="CoverTail\Events">
      <UniqueIdentifier>{F22FD8B0-DE28-F702-075B-DC87F3B2D60E}</UniqueIdentifier>
    </Filter>
  </ItemGroup>
  <ItemGroup>
    <ClInclude Include="src\CoverTail.h" />
    <ClInclude Include="src\CoverTail\Application.h">
      <Filter>CoverTail</Filter>
    </ClInclude>
    <ClInclude Include="src\CoverTail\Core.h">
      <Filter>CoverTail</Filter>
    </ClInclude>
    <ClInclude Include="src\CoverTail\EntryPoint.h">
      <Filter>CoverTail</Filter>
    </ClInclude>
    <ClInclude Include="src\CoverTail\Events\ApplicationEvent.h">
      <Filter>CoverTail\Events</Filter>
    </ClInclude>
    <ClInclude Include="src\CoverTail\Events\Event.h">
      <Filter>CoverTail\Events</Filter>
    </ClInclude>
    <ClInclude Include="src\CoverTail\Events\KeyEvent.h">
      <Filter>CoverTail\Events</Filter>
    </ClInclude>
    <ClInclude Include="src\CoverTail\Events\MouseEvent.h">
      <Filter>CoverTail\Events</Filter>
    </ClInclude>
    <ClInclude Include="src\CoverTail\Log.h">
      <Filter>CoverTail</Filter>
    </ClInclude>
  </ItemGroup>
  <ItemGroup>
    <ClCompile Include="src\CoverTail\Application.cpp">
      <Filter>CoverTail</Filter>
    </ClCompile>
    <ClCompile Include="src\CoverTail\Log.cpp">
      <Filter>CoverTail</Filter>
    </ClCompile>
  </ItemGroup>
</Project>